
Microsoft Visual Studio Solution File, Format Version 12.00
# Visual Studio Version 17
VisualStudioVersion = 17.9.34701.34
MinimumVisualStudioVersion = 10.0.40219.1
Project("{9A19103F-16F7-4668-BE54-9A1E7A4F7556}") = "Shop.Application", "Shop.Application\Shop.Application.csproj", "{B149FE83-9CF4-4604-B793-F8D2D179D3E0}"
EndProject
Project("{9A19103F-16F7-4668-BE54-9A1E7A4F7556}") = "Shop.Domain", "Shop.Domain\Shop.Domain.csproj", "{BA98E41A-9BE8-44D5-8C47-613708176CF8}"
EndProject
Project("{9A19103F-16F7-4668-BE54-9A1E7A4F7556}") = "Shop.Infrastructure.EfCore", "Shop.Infrastructure\Shop.Infrastructure.EfCore.csproj", "{76D78849-F0A2-48C8-B7CE-AB06307E5FEC}"
EndProject
Project("{9A19103F-16F7-4668-BE54-9A1E7A4F7556}") = "Shop.Infrastructure.Dapper", "Shop.Infrastructure.Dapper\Shop.Infrastructure.Dapper.csproj", "{5385B725-4704-4E79-95CD-C97D3958DF61}"
EndProject
Project("{9A19103F-16F7-4668-BE54-9A1E7A4F7556}") = "Shop.WebApi", "Shop.WebApi\Shop.WebApi.csproj", "{B439C48C-9ED7-44E7-8478-3A0F43ECFFDA}"
EndProject
Global
	GlobalSection(SolutionConfigurationPlatforms) = preSolution
		Debug|Any CPU = Debug|Any CPU
		Release|Any CPU = Release|Any CPU
	EndGlobalSection
	GlobalSection(ProjectConfigurationPlatforms) = postSolution
		{B149FE83-9CF4-4604-B793-F8D2D179D3E0}.Debug|Any CPU.ActiveCfg = Debug|Any CPU
		{B149FE83-9CF4-4604-B793-F8D2D179D3E0}.Debug|Any CPU.Build.0 = Debug|Any CPU
		{B149FE83-9CF4-4604-B793-F8D2D179D3E0}.Release|Any CPU.ActiveCfg = Release|Any CPU
		{B149FE83-9CF4-4604-B793-F8D2D179D3E0}.Release|Any CPU.Build.0 = Release|Any CPU
		{BA98E41A-9BE8-44D5-8C47-613708176CF8}.Debug|Any CPU.ActiveCfg = Debug|Any CPU
		{BA98E41A-9BE8-44D5-8C47-613708176CF8}.Debug|Any CPU.Build.0 = Debug|Any CPU
		{BA98E41A-9BE8-44D5-8C47-613708176CF8}.Release|Any CPU.ActiveCfg = Release|Any CPU
		{BA98E41A-9BE8-44D5-8C47-613708176CF8}.Release|Any CPU.Build.0 = Release|Any CPU
		{76D78849-F0A2-48C8-B7CE-AB06307E5FEC}.Debug|Any CPU.ActiveCfg = Debug|Any CPU
		{76D78849-F0A2-48C8-B7CE-AB06307E5FEC}.Debug|Any CPU.Build.0 = Debug|Any CPU
		{76D78849-F0A2-48C8-B7CE-AB06307E5FEC}.Release|Any CPU.ActiveCfg = Release|Any CPU
		{76D78849-F0A2-48C8-B7CE-AB06307E5FEC}.Release|Any CPU.Build.0 = Release|Any CPU
		{5385B725-4704-4E79-95CD-C97D3958DF61}.Debug|Any CPU.ActiveCfg = Debug|Any CPU
		{5385B725-4704-4E79-95CD-C97D3958DF61}.Debug|Any CPU.Build.0 = Debug|Any CPU
		{5385B725-4704-4E79-95CD-C97D3958DF61}.Release|Any CPU.ActiveCfg = Release|Any CPU
		{5385B725-4704-4E79-95CD-C97D3958DF61}.Release|Any CPU.Build.0 = Release|Any CPU
		{B439C48C-9ED7-44E7-8478-3A0F43ECFFDA}.Debug|Any CPU.ActiveCfg = Debug|Any CPU
		{B439C48C-9ED7-44E7-8478-3A0F43ECFFDA}.Debug|Any CPU.Build.0 = Debug|Any CPU
		{B439C48C-9ED7-44E7-8478-3A0F43ECFFDA}.Release|Any CPU.ActiveCfg = Release|Any CPU
		{B439C48C-9ED7-44E7-8478-3A0F43ECFFDA}.Release|Any CPU.Build.0 = Release|Any CPU
	EndGlobalSection
	GlobalSection(SolutionProperties) = preSolution
		HideSolutionNode = FALSE
	EndGlobalSection
	GlobalSection(ExtensibilityGlobals) = postSolution
		SolutionGuid = {E32C8E1E-A2D5-4B39-BF84-D890AF834A0E}
	EndGlobalSection
EndGlobal
